PODS:
  - Firebase/Analytics (7.3.0):
    - Firebase/Core
  - Firebase/Core (7.3.0):
    - Firebase/CoreOnly
    - FirebaseAnalytics (= 7.3.0)
  - Firebase/CoreOnly (7.3.0):
    - FirebaseCore (= 7.3.0)
  - firebase_analytics (7.0.1):
    - Firebase/Analytics (= 7.3.0)
    - firebase_core
    - Flutter
  - firebase_core (0.7.0):
    - Firebase/CoreOnly (= 7.3.0)
    - Flutter
  - FirebaseAnalytics (7.3.0):
    - FirebaseCore (~> 7.0)
    - FirebaseInstallations (~> 7.0)
    - GoogleAppMeasurement (= 7.3.0)
    - GoogleUtilities/AppDelegateSwizzler (~> 7.0)
    - GoogleUtilities/MethodSwizzler (~> 7.0)
    - GoogleUtilities/Network (~> 7.0)
    - "GoogleUtilities/NSData+zlib (~> 7.0)"
    - nanopb (~> 2.30906.0)
  - FirebaseCore (7.3.0):
    - FirebaseCoreDiagnostics (~> 7.0)
    - GoogleUtilities/Environment (~> 7.0)
    - GoogleUtilities/Logger (~> 7.0)
  - FirebaseCoreDiagnostics (7.3.0):
    - GoogleDataTransport (~> 8.0)
    - GoogleUtilities/Environment (~> 7.0)
    - GoogleUtilities/Logger (~> 7.0)
    - nanopb (~> 2.30906.0)
  - FirebaseInstallations (7.4.0):
    - FirebaseCore (~> 7.0)
    - GoogleUtilities/Environment (~> 7.0)
    - GoogleUtilities/UserDefaults (~> 7.0)
    - PromisesObjC (~> 1.2)
  - Flutter (1.0.0)
  - flutter_keyboard_visibility (0.0.1):
    - Flutter
  - flutter_secure_storage (3.3.1):
    - Flutter
  - flutter_statusbar (0.0.1):
    - Flutter
  - FMDB (2.7.5):
    - FMDB/standard (= 2.7.5)
  - FMDB/standard (2.7.5)
  - GoogleAppMeasurement (7.3.0):
    - GoogleUtilities/AppDelegateSwizzler (~> 7.0)
    - GoogleUtilities/MethodSwizzler (~> 7.0)
    - GoogleUtilities/Network (~> 7.0)
    - "GoogleUtilities/NSData+zlib (~> 7.0)"
    - nanopb (~> 2.30906.0)
  - GoogleDataTransport (8.1.0):
    - nanopb (~> 2.30906.0)
  - GoogleUtilities/AppDelegateSwizzler (7.1.1):
    - GoogleUtilities/Environment
    - GoogleUtilities/Logger
    - GoogleUtilities/Network
  - GoogleUtilities/Environment (7.1.1):
    - PromisesObjC (~> 1.2)
  - GoogleUtilities/Logger (7.1.1):
    - GoogleUtilities/Environment
  - GoogleUtilities/MethodSwizzler (7.1.1):
    - GoogleUtilities/Logger
  - GoogleUtilities/Network (7.1.1):
    - GoogleUtilities/Logger
    - "GoogleUtilities/NSData+zlib"
    - GoogleUtilities/Reachability
  - "GoogleUtilities/NSData+zlib (7.1.1)"
  - GoogleUtilities/Reachability (7.1.1):
    - GoogleUtilities/Logger
  - GoogleUtilities/UserDefaults (7.1.1):
    - GoogleUtilities/Logger
  - image_editor (0.0.1):
    - Flutter
  - image_editor_pro (0.0.1):
    - Flutter
  - image_gallery_saver (1.5.0):
    - Flutter
  - image_picker (0.0.1):
    - Flutter
  - in_app_review (0.2.0):
    - Flutter
  - integration_test (0.0.1):
    - Flutter
  - nanopb (2.30906.0):
    - nanopb/decode (= 2.30906.0)
    - nanopb/encode (= 2.30906.0)
  - nanopb/decode (2.30906.0)
  - nanopb/encode (2.30906.0)
  - package_info (0.0.1):
    - Flutter
  - path_provider (0.0.1):
    - Flutter
  - "permission_handler (5.1.0+2)":
    - Flutter
  - PromisesObjC (1.2.12)
  - Sentry (6.1.4):
    - Sentry/Core (= 6.1.4)
  - Sentry/Core (6.1.4)
  - sentry_flutter (0.0.1):
    - Flutter
    - Sentry (~> 6.1.4)
  - shared_preferences (0.0.1):
    - Flutter
  - sqflite (0.0.2):
    - Flutter
    - FMDB (>= 2.7.5)
  - url_launcher (0.0.1):
    - Flutter
  - video_player (0.0.1):
    - Flutter

DEPENDENCIES:
  - firebase_analytics (from `.symlinks/plugins/firebase_analytics/ios`)
  - firebase_core (from `.symlinks/plugins/firebase_core/ios`)
  - Flutter (from `Flutter`)
  - flutter_keyboard_visibility (from `.symlinks/plugins/flutter_keyboard_visibility/ios`)
  - flutter_secure_storage (from `.symlinks/plugins/flutter_secure_storage/ios`)
  - flutter_statusbar (from `.symlinks/plugins/flutter_statusbar/ios`)
  - image_editor (from `.symlinks/plugins/image_editor/ios`)
  - image_editor_pro (from `.symlinks/plugins/image_editor_pro/ios`)
  - image_gallery_saver (from `.symlinks/plugins/image_gallery_saver/ios`)
  - image_picker (from `.symlinks/plugins/image_picker/ios`)
  - in_app_review (from `.symlinks/plugins/in_app_review/ios`)
  - integration_test (from `.symlinks/plugins/integration_test/ios`)
  - package_info (from `.symlinks/plugins/package_info/ios`)
  - path_provider (from `.symlinks/plugins/path_provider/ios`)
  - permission_handler (from `.symlinks/plugins/permission_handler/ios`)
  - sentry_flutter (from `.symlinks/plugins/sentry_flutter/ios`)
  - shared_preferences (from `.symlinks/plugins/shared_preferences/ios`)
  - sqflite (from `.symlinks/plugins/sqflite/ios`)
  - url_launcher (from `.symlinks/plugins/url_launcher/ios`)
  - video_player (from `.symlinks/plugins/video_player/ios`)

SPEC REPOS:
  trunk:
    - Firebase
    - FirebaseAnalytics
    - FirebaseCore
    - FirebaseCoreDiagnostics
    - FirebaseInstallations
    - FMDB
    - GoogleAppMeasurement
    - GoogleDataTransport
    - GoogleUtilities
    - nanopb
    - PromisesObjC
    - Sentry

EXTERNAL SOURCES:
  firebase_analytics:
    :path: ".symlinks/plugins/firebase_analytics/ios"
  firebase_core:
    :path: ".symlinks/plugins/firebase_core/ios"
  Flutter:
    :path: Flutter
  flutter_keyboard_visibility:
    :path: ".symlinks/plugins/flutter_keyboard_visibility/ios"
  flutter_secure_storage:
    :path: ".symlinks/plugins/flutter_secure_storage/ios"
  flutter_statusbar:
    :path: ".symlinks/plugins/flutter_statusbar/ios"
  image_editor:
    :path: ".symlinks/plugins/image_editor/ios"
  image_editor_pro:
    :path: ".symlinks/plugins/image_editor_pro/ios"
  image_gallery_saver:
    :path: ".symlinks/plugins/image_gallery_saver/ios"
  image_picker:
    :path: ".symlinks/plugins/image_picker/ios"
  in_app_review:
    :path: ".symlinks/plugins/in_app_review/ios"
  integration_test:
    :path: ".symlinks/plugins/integration_test/ios"
  package_info:
    :path: ".symlinks/plugins/package_info/ios"
  path_provider:
    :path: ".symlinks/plugins/path_provider/ios"
  permission_handler:
    :path: ".symlinks/plugins/permission_handler/ios"
  sentry_flutter:
    :path: ".symlinks/plugins/sentry_flutter/ios"
  shared_preferences:
    :path: ".symlinks/plugins/shared_preferences/ios"
  sqflite:
    :path: ".symlinks/plugins/sqflite/ios"
  url_launcher:
    :path: ".symlinks/plugins/url_launcher/ios"
  video_player:
    :path: ".symlinks/plugins/video_player/ios"

SPEC CHECKSUMS:
  Firebase: 26223c695fe322633274198cb19dca8cb7e54416
  firebase_analytics: 41043f6e14fc9bc27c3f05217ab7f2b0ad9b41eb
  firebase_core: 91b27774a52f41f8b58484a75edf71197ac01c59
  FirebaseAnalytics: 2580c2d62535ae7b644143d48941fcc239ea897a
  FirebaseCore: 4d3c72622ce0e2106aaa07bb4b2935ba2c370972
  FirebaseCoreDiagnostics: d50e11039e5984d92c8a512be2395f13df747350
  FirebaseInstallations: 30646fc9a61c6f4ee3cd7a8b7231721842b40c95
  Flutter: 0e3d915762c693b495b44d77113d4970485de6ec
  flutter_keyboard_visibility: 0339d06371254c3eb25eeb90ba8d17dca8f9c069
  flutter_secure_storage: 7953c38a04c3fdbb00571bcd87d8e3b5ceb9daec
  flutter_statusbar: aa4982b847304a72c5ac8439a9f37861b662c6bb
  FMDB: 2ce00b547f966261cd18927a3ddb07cb6f3db82a
  GoogleAppMeasurement: 8d3c0aeede16ab7764144b5a4ca8e1d4323841b7
  GoogleDataTransport: 116c84c4bdeb76be2a7a46de51244368f9794eab
  GoogleUtilities: 3dc4ff0d5e4840e2fa8eef0889620e8c33d4218c
  image_editor: c1d038630eedea60d2dee9c14f36aa66c7f9cfab
  image_editor_pro: f3221a9be3d4833deaaa918f7f78bd1503d2a78c
  image_gallery_saver: 259eab68fb271cfd57d599904f7acdc7832e7ef2
  image_picker: 9c3312491f862b28d21ecd8fdf0ee14e601b3f09
  in_app_review: 4a97249f7a2f539a0f294c2d9196b7fe35e49541
  integration_test: 5ed24a436eb7ec17b6a13046e9bf7ca4a404e59e
  nanopb: 1bf24dd71191072e120b83dd02d08f3da0d65e53
  package_info: 873975fc26034f0b863a300ad47e7f1ac6c7ec62
  path_provider: abfe2b5c733d04e238b0d8691db0cfd63a27a93c
  permission_handler: ccb20a9fad0ee9b1314a52b70b76b473c5f8dab0
  PromisesObjC: 3113f7f76903778cf4a0586bd1ab89329a0b7b97
  Sentry: 9d055e2de30a77685e86b219acf02e59b82091fc
  sentry_flutter: 8b2b2e1c0101ef562106b5d272d3c0c741512c01
  shared_preferences: 1feebfa37bb57264736e16865e7ffae7fc99b523
  sqflite: 6d358c025f5b867b29ed92fc697fd34924e11904
  url_launcher: 6fef411d543ceb26efce54b05a0a40bfd74cbbef
  video_player: 9cc823b1d9da7e8427ee591e8438bfbcde500e6e

PODFILE CHECKSUM: 124871c13717f2388253dcfb709d8627f84a282d

COCOAPODS: 1.10.0
